
Microsoft Visual Studio Solution File, Format Version 12.00
# Visual Studio Version 17
VisualStudioVersion = 17.11.35017.193
MinimumVisualStudioVersion = 10.0.40219.1
Project("{FAE04EC0-301F-11D3-BF4B-00C04F79EFBC}") = "PigLatin", "PigLatin\PigLatin.csproj", "{722B3103-64CD-47A9-AB88-EA9E8D6598FC}"
EndProject
Global
	GlobalSection(SolutionConfigurationPlatforms) = preSolution
		Debug|Any CPU = Debug|Any CPU
		Release|Any CPU = Release|Any CPU
	EndGlobalSection
	GlobalSection(ProjectConfigurationPlatforms) = postSolution
		{722B3103-64CD-47A9-AB88-EA9E8D6598FC}.Debug|Any CPU.ActiveCfg = Debug|Any CPU
		{722B3103-64CD-47A9-AB88-EA9E8D6598FC}.Debug|Any CPU.Build.0 = Debug|Any CPU
		{722B3103-64CD-47A9-AB88-EA9E8D6598FC}.Release|Any CPU.ActiveCfg = Release|Any CPU
		{722B3103-64CD-47A9-AB88-EA9E8D6598FC}.Release|Any CPU.Build.0 = Release|Any CPU
	EndGlobalSection
	GlobalSection(SolutionProperties) = preSolution
		HideSolutionNode = FALSE
	EndGlobalSection
	GlobalSection(ExtensibilityGlobals) = postSolution
		SolutionGuid = {7E0A9FF2-775E-4A65-84DF-9C62D094F24C}
	EndGlobalSection
EndGlobal
